github.com/davecgh/go-spew v1.1.2-0.20180830191138-d8f796af33cc h1:U9qPSI2PIWSS1VwoXQT9A3Wy9MM3WgvqSxFWenqJduM=
github.com/davecgh/go-spew v1.1.2-0.20180830191138-d8f796af33cc/go.mod h1:J7Y8YcW2NihsgmVo/mv3lAwl/skON4iLHjSsI+c5H38=
github.com/iancoleman/strcase v0.3.0 h1:nTXanmYxhfFAMjZL34Ov6gkzEsSJZ5DbhxWjvSASxEI=
github.com/iancoleman/strcase v0.3.0/go.mod h1:iwCmte+B7n89clKwxIoIXy/HfoL7AsD47ZCWhYzw7ho=
github.com/mattn/go-sqlite3 v1.14.22 h1:2gZY6PC6kBnID23Tichd1K+Z0oS6nE/XwU+Vz/5o4kU=
github.com/mattn/go-sqlite3 v1.14.22/go.mod h1:Uh1q+B4BYcTPb+yiD3kU8Ct7aC0hY9fxUwlHK0RXw+Y=
github.com/pmezard/go-difflib v1.0.1-0.20181226105442-5d4384ee4fb2 h1:Jamvg5psRIccs7FGNTlIRMkT8wgtp5eCXdBlqhYGL6U=
github.com/pmezard/go-difflib v1.0.1-0.20181226105442-5d4384ee4fb2/go.mod h1:iKH77koFhYxTK1pcRnkKkqfTogsbg7gZNVY4sRDYZ/4=
github.com/stretchr/testify v1.11.1 h1:7s2iGBzp5EwR7/aIZr8ao5+dra3wiQyKjjFuvgVKu7U=
github.com/stretchr/testify v1.11.1/go.mod h1:wZwfW3scLgRK+23gO65QZefKpKQRnfz6sD981Nm4B6U=
github.com/yaitoo/async v1.0.4 h1:u+SWuJcSckgBOcMjMYz9IviojeCatDrdni3YNGLCiHY=
github.com/yaitoo/async v1.0.4/go.mod h1:IpSO7Ei7AxiqLxFqDjN4rJaVlt8wm4ZxMXyyQaWmM1g=
github.com/yaitoo/sqle v1.5.5 h1:emCOdZjXpV9pj84sFO1Ylht3lz4BmLOmqpRnPPMp5M4=
github.com/yaitoo/sqle v1.5.5/go.mod h1:Bv1PPG6hYZP2In3WKN1dBqYNJiWP0ZSLs6uEkRo2c9M=
github.com/yaitoo/xun v1.1.6 h1:t5HAiw0XNVCx0v/Yh1mP9T7hDFcXc03fvS6EgyVrRnU=
github.com/yaitoo/xun v1.1.6/go.mod h1:A6wUbk6pCjoTrccxLx1LJUCVYTh7tqlfht6LXKBxaN0=
gopkg.in/yaml.v3 v3.0.1 h1:fxVm/GzAzEWqLHuvctI91KS9hhNmmWOoWu0XTYJS7CA=
gopkg.in/yaml.v3 v3.0.1/go.mod h1:K4uyk7z7BCEPqu6E+C64Yfv1cQ7kz7rIZviUmN+EgEM=
